
Microsoft Visual Studio Solution File, Format Version 12.00
# Visual Studio Version 16
VisualStudioVersion = 16.0.31624.102
MinimumVisualStudioVersion = 10.0.40219.1
Project("{FAE04EC0-301F-11D3-BF4B-00C04F79EFBC}") = "Module4", "Module4\Module4.csproj", "{ACC8253F-CB20-4075-9141-5213264721CA}"
EndProject
Global
	GlobalSection(SolutionConfigurationPlatforms) = preSolution
		Debug|Any CPU = Debug|Any CPU
		Release|Any CPU = Release|Any CPU
	EndGlobalSection
	GlobalSection(ProjectConfigurationPlatforms) = postSolution
		{ACC8253F-CB20-4075-9141-5213264721CA}.Debug|Any CPU.ActiveCfg = Debug|Any CPU
		{ACC8253F-CB20-4075-9141-5213264721CA}.Debug|Any CPU.Build.0 = Debug|Any CPU
		{ACC8253F-CB20-4075-9141-5213264721CA}.Release|Any CPU.ActiveCfg = Release|Any CPU
		{ACC8253F-CB20-4075-9141-5213264721CA}.Release|Any CPU.Build.0 = Release|Any CPU
	EndGlobalSection
	GlobalSection(SolutionProperties) = preSolution
		HideSolutionNode = FALSE
	EndGlobalSection
	GlobalSection(ExtensibilityGlobals) = postSolution
		SolutionGuid = {8557B3BA-A326-497E-899B-DEA4D0FCEEF7}
	EndGlobalSection
EndGlobal
